// !$*UTF8*$!
{
	archiveVersion = 1;
	classes = {
	};
	objectVersion = 50;
	objects = {

/* Begin PBXBuildFile section */
		363AD5E32340EE5F003063BC /* AppDelegate.swift in Sources */ = {isa = PBXBuildFile; fileRef = 363AD5E22340EE5F003063BC /* AppDelegate.swift */; };
		363AD5EA2340EE5F003063BC /* Main.storyboard in Resources */ = {isa = PBXBuildFile; fileRef = 363AD5E82340EE5F003063BC /* Main.storyboard */; };
		363AD5EC2340EE5F003063BC /* Assets.xcassets in Resources */ = {isa = PBXBuildFile; fileRef = 363AD5EB2340EE5F003063BC /* Assets.xcassets */; };
		363AD5EF2340EE5F003063BC /* LaunchScreen.storyboard in Resources */ = {isa = PBXBuildFile; fileRef = 363AD5ED2340EE5F003063BC /* LaunchScreen.storyboard */; };
		363AD5F82340F7EA003063BC /* Multiplexer.framework in Frameworks */ = {isa = PBXBuildFile; fileRef = 363AD5F72340F7EA003063BC /* Multiplexer.framework */; };
		363AD5F92340F7EA003063BC /* Multiplexer.framework in Embed Frameworks */ = {isa = PBXBuildFile; fileRef = 363AD5F72340F7EA003063BC /* Multiplexer.framework */; settings = {ATTRIBUTES = (CodeSignOnCopy, RemoveHeadersOnCopy, ); }; };
		363AD5FC2340FAE8003063BC /* Backend.swift in Sources */ = {isa = PBXBuildFile; fileRef = 363AD5FB2340FAE8003063BC /* Backend.swift */; };
		363AD5FE2340FCD3003063BC /* Models.swift in Sources */ = {isa = PBXBuildFile; fileRef = 363AD5FD2340FCD3003063BC /* Models.swift */; };
		363AD600234108F2003063BC /* CitiesViewController.swift in Sources */ = {isa = PBXBuildFile; fileRef = 363AD5FF234108F2003063BC /* CitiesViewController.swift */; };
		363AD602234130E1003063BC /* Request.swift in Sources */ = {isa = PBXBuildFile; fileRef = 363AD601234130E1003063BC /* Request.swift */; };
		363AD6062341480C003063BC /* AddCityViewController.swift in Sources */ = {isa = PBXBuildFile; fileRef = 363AD6052341480C003063BC /* AddCityViewController.swift */; };
		363AD608234152CB003063BC /* Alert.swift in Sources */ = {isa = PBXBuildFile; fileRef = 363AD607234152CB003063BC /* Alert.swift */; };
/* End PBXBuildFile section */

/* Begin PBXCopyFilesBuildPhase section */
		363AD5FA2340F7EA003063BC /* Embed Frameworks */ = {
			isa = PBXCopyFilesBuildPhase;
			buildActionMask = 2147483647;
			dstPath = "";
			dstSubfolderSpec = 10;
			files = (
				363AD5F92340F7EA003063BC /* Multiplexer.framework in Embed Frameworks */,
			);
			name = "Embed Frameworks";
			runOnlyForDeploymentPostprocessing = 0;
		};
/* End PBXCopyFilesBuildPhase section */

/* Begin PBXFileReference section */
		363AD5DF2340EE5F003063BC /* Mux Demo.app */ = {isa = PBXFileReference; explicitFileType = wrapper.application; includeInIndex = 0; path = "Mux Demo.app"; sourceTree = BUILT_PRODUCTS_DIR; };
		363AD5E22340EE5F003063BC /* AppDelegate.swift */ = {isa = PBXFileReference; lastKnownFileType = sourcecode.swift; path = AppDelegate.swift; sourceTree = "<group>"; };
		363AD5E92340EE5F003063BC /* Base */ = {isa = PBXFileReference; lastKnownFileType = file.storyboard; name = Base; path = Base.lproj/Main.storyboard; sourceTree = "<group>"; };
		363AD5EB2340EE5F003063BC /* Assets.xcassets */ = {isa = PBXFileReference; lastKnownFileType = folder.assetcatalog; path = Assets.xcassets; sourceTree = "<group>"; };
		363AD5EE2340EE5F003063BC /* Base */ = {isa = PBXFileReference; lastKnownFileType = file.storyboard; name = Base; path = Base.lproj/LaunchScreen.storyboard; sourceTree = "<group>"; };
		363AD5F02340EE5F003063BC /* Info.plist */ = {isa = PBXFileReference; lastKnownFileType = text.plist.xml; path = Info.plist; sourceTree = "<group>"; };
		363AD5F72340F7EA003063BC /* Multiplexer.framework */ = {isa = PBXFileReference; explicitFileType = wrapper.framework; path = Multiplexer.framework; sourceTree = BUILT_PRODUCTS_DIR; };
		363AD5FB2340FAE8003063BC /* Backend.swift */ = {isa = PBXFileReference; lastKnownFileType = sourcecode.swift; path = Backend.swift; sourceTree = "<group>"; };
		363AD5FD2340FCD3003063BC /* Models.swift */ = {isa = PBXFileReference; lastKnownFileType = sourcecode.swift; path = Models.swift; sourceTree = "<group>"; };
		363AD5FF234108F2003063BC /* CitiesViewController.swift */ = {isa = PBXFileReference; lastKnownFileType = sourcecode.swift; path = CitiesViewController.swift; sourceTree = "<group>"; };
		363AD601234130E1003063BC /* Request.swift */ = {isa = PBXFileReference; lastKnownFileType = sourcecode.swift; path = Request.swift; sourceTree = "<group>"; };
		363AD6052341480C003063BC /* AddCityViewController.swift */ = {isa = PBXFileReference; lastKnownFileType = sourcecode.swift; path = AddCityViewController.swift; sourceTree = "<group>"; };
		363AD607234152CB003063BC /* Alert.swift */ = {isa = PBXFileReference; lastKnownFileType = sourcecode.swift; path = Alert.swift; sourceTree = "<group>"; };
		364FBB4827123D5B005C44D5 /* Mux Demo.entitlements */ = {isa = PBXFileReference; lastKnownFileType = text.plist.entitlements; path = "Mux Demo.entitlements"; sourceTree = "<group>"; };
/* End PBXFileReference section */

/* Begin PBXFrameworksBuildPhase section */
		363AD5DC2340EE5F003063BC /* Frameworks */ = {
			isa = PBXFrameworksBuildPhase;
			buildActionMask = 2147483647;
			files = (
				363AD5F82340F7EA003063BC /* Multiplexer.framework in Frameworks */,
			);
			runOnlyForDeploymentPostprocessing = 0;
		};
/* End PBXFrameworksBuildPhase section */

/* Begin PBXGroup section */
		363AD5D62340EE5F003063BC = {
			isa = PBXGroup;
			children = (
				363AD5E12340EE5F003063BC /* MultiplexerDemo */,
				363AD5E02340EE5F003063BC /* Products */,
				363AD5F62340F7EA003063BC /* Frameworks */,
			);
			sourceTree = "<group>";
		};
		363AD5E02340EE5F003063BC /* Products */ = {
			isa = PBXGroup;
			children = (
				363AD5DF2340EE5F003063BC /* Mux Demo.app */,
			);
			name = Products;
			sourceTree = "<group>";
		};
		363AD5E12340EE5F003063BC /* MultiplexerDemo */ = {
			isa = PBXGroup;
			children = (
				364FBB4827123D5B005C44D5 /* Mux Demo.entitlements */,
				363AD5FD2340FCD3003063BC /* Models.swift */,
				363AD601234130E1003063BC /* Request.swift */,
				363AD5FB2340FAE8003063BC /* Backend.swift */,
				363AD607234152CB003063BC /* Alert.swift */,
				363AD6052341480C003063BC /* AddCityViewController.swift */,
				363AD5FF234108F2003063BC /* CitiesViewController.swift */,
				363AD5E22340EE5F003063BC /* AppDelegate.swift */,
				363AD5E82340EE5F003063BC /* Main.storyboard */,
				363AD5EB2340EE5F003063BC /* Assets.xcassets */,
				363AD5ED2340EE5F003063BC /* LaunchScreen.storyboard */,
				363AD5F02340EE5F003063BC /* Info.plist */,
			);
			path = MultiplexerDemo;
			sourceTree = "<group>";
		};
		363AD5F62340F7EA003063BC /* Frameworks */ = {
			isa = PBXGroup;
			children = (
				363AD5F72340F7EA003063BC /* Multiplexer.framework */,
			);
			name = Frameworks;
			sourceTree = "<group>";
		};
/* End PBXGroup section */

/* Begin PBXNativeTarget section */
		363AD5DE2340EE5F003063BC /* MultiplexerDemo */ = {
			isa = PBXNativeTarget;
			buildConfigurationList = 363AD5F32340EE5F003063BC /* Build configuration list for PBXNativeTarget "MultiplexerDemo" */;
			buildPhases = (
				363AD5DB2340EE5F003063BC /* Sources */,
				363AD5DC2340EE5F003063BC /* Frameworks */,
				363AD5DD2340EE5F003063BC /* Resources */,
				363AD5FA2340F7EA003063BC /* Embed Frameworks */,
			);
			buildRules = (
			);
			dependencies = (
			);
			name = MultiplexerDemo;
			productName = MultiplexerDemo;
			productReference = 363AD5DF2340EE5F003063BC /* Mux Demo.app */;
			productType = "com.apple.product-type.application";
		};
/* End PBXNativeTarget section */

/* Begin PBXProject section */
		363AD5D72340EE5F003063BC /* Project object */ = {
			isa = PBXProject;
			attributes = {
				LastSwiftUpdateCheck = 1100;
				LastUpgradeCheck = 1210;
				ORGANIZATIONNAME = "Hovik Melikyan";
				TargetAttributes = {
					363AD5DE2340EE5F003063BC = {
						CreatedOnToolsVersion = 11.0;
					};
				};
			};
			buildConfigurationList = 363AD5DA2340EE5F003063BC /* Build configuration list for PBXProject "MultiplexerDemo" */;
			compatibilityVersion = "Xcode 9.3";
			developmentRegion = en;
			hasScannedForEncodings = 0;
			knownRegions = (
				en,
				Base,
			);
			mainGroup = 363AD5D62340EE5F003063BC;
			productRefGroup = 363AD5E02340EE5F003063BC /* Products */;
			projectDirPath = "";
			projectRoot = "";
			targets = (
				363AD5DE2340EE5F003063BC /* MultiplexerDemo */,
			);
		};
/* End PBXProject section */

/* Begin PBXResourcesBuildPhase section */
		363AD5DD2340EE5F003063BC /* Resources */ = {
			isa = PBXResourcesBuildPhase;
			buildActionMask = 2147483647;
			files = (
				363AD5EF2340EE5F003063BC /* LaunchScreen.storyboard in Resources */,
				363AD5EC2340EE5F003063BC /* Assets.xcassets in Resources */,
				363AD5EA2340EE5F003063BC /* Main.storyboard in Resources */,
			);
			runOnlyForDeploymentPostprocessing = 0;
		};
/* End PBXResourcesBuildPhase section */

/* Begin PBXSourcesBuildPhase section */
		363AD5DB2340EE5F003063BC /* Sources */ = {
			isa = PBXSourcesBuildPhase;
			buildActionMask = 2147483647;
			files = (
				363AD6062341480C003063BC /* AddCityViewController.swift in Sources */,
				363AD600234108F2003063BC /* CitiesViewController.swift in Sources */,
				363AD5E32340EE5F003063BC /* AppDelegate.swift in Sources */,
				363AD602234130E1003063BC /* Request.swift in Sources */,
				363AD5FC2340FAE8003063BC /* Backend.swift in Sources */,
				363AD5FE2340FCD3003063BC /* Models.swift in Sources */,
				363AD608234152CB003063BC /* Alert.swift in Sources */,
			);
			runOnlyForDeploymentPostprocessing = 0;
		};
/* End PBXSourcesBuildPhase section */

/* Begin PBXVariantGroup section */
		363AD5E82340EE5F003063BC /* Main.storyboard */ = {
			isa = PBXVariantGroup;
			children = (
				363AD5E92340EE5F003063BC /* Base */,
			);
			name = Main.storyboard;
			sourceTree = "<group>";
		};
		363AD5ED2340EE5F003063BC /* LaunchScreen.storyboard */ = {
			isa = PBXVariantGroup;
			children = (
				363AD5EE2340EE5F003063BC /* Base */,
			);
			name = LaunchScreen.storyboard;
			sourceTree = "<group>";
		};
/* End PBXVariantGroup section */

/* Begin XCBuildConfiguration section */
		363AD5F12340EE5F003063BC /* Debug */ = {
			isa = XCBuildConfiguration;
			buildSettings = {
				ALWAYS_SEARCH_USER_PATHS = NO;
				CLANG_ANALYZER_NONNULL = YES;
				CLANG_ANALYZER_NUMBER_OBJECT_CONVERSION = YES_AGGRESSIVE;
				CLANG_CXX_LANGUAGE_STANDARD = "gnu++14";
				CLANG_CXX_LIBRARY = "libc++";
				CLANG_ENABLE_MODULES = YES;
				CLANG_ENABLE_OBJC_ARC = YES;
				CLANG_ENABLE_OBJC_WEAK = YES;
				CLANG_WARN_BLOCK_CAPTURE_AUTORELEASING = YES;
				CLANG_WARN_BOOL_CONVERSION = YES;
				CLANG_WARN_COMMA = YES;
				CLANG_WARN_CONSTANT_CONVERSION = YES;
				CLANG_WARN_DEPRECATED_OBJC_IMPLEMENTATIONS = YES;
				CLANG_WARN_DIRECT_OBJC_ISA_USAGE = YES_ERROR;
				CLANG_WARN_DOCUMENTATION_COMMENTS = YES;
				CLANG_WARN_EMPTY_BODY = YES;
				CLANG_WARN_ENUM_CONVERSION = YES;
				CLANG_WARN_INFINITE_RECURSION = YES;
				CLANG_WARN_INT_CONVERSION = YES;
				CLANG_WARN_NON_LITERAL_NULL_CONVERSION = YES;
				CLANG_WARN_OBJC_IMPLICIT_RETAIN_SELF = YES;
				CLANG_WARN_OBJC_LITERAL_CONVERSION = YES;
				CLANG_WARN_OBJC_ROOT_CLASS = YES_ERROR;
				CLANG_WARN_QUOTED_INCLUDE_IN_FRAMEWORK_HEADER = YES;
				CLANG_WARN_RANGE_LOOP_ANALYSIS = YES;
				CLANG_WARN_STRICT_PROTOTYPES = YES;
				CLANG_WARN_SUSPICIOUS_MOVE = YES;
				CLANG_WARN_UNGUARDED_AVAILABILITY = YES_AGGRESSIVE;
				CLANG_WARN_UNREACHABLE_CODE = YES;
				CLANG_WARN__DUPLICATE_METHOD_MATCH = YES;
				COPY_PHASE_STRIP = NO;
				DEBUG_INFORMATION_FORMAT = dwarf;
				ENABLE_STRICT_OBJC_MSGSEND = YES;
				ENABLE_TESTABILITY = YES;
				GCC_C_LANGUAGE_STANDARD = gnu11;
				GCC_DYNAMIC_NO_PIC = NO;
				GCC_NO_COMMON_BLOCKS = YES;
				GCC_OPTIMIZATION_LEVEL = 0;
				GCC_PREPROCESSOR_DEFINITIONS = (
					"DEBUG=1",
					"$(inherited)",
				);
				GCC_WARN_64_TO_32_BIT_CONVERSION = YES;
				GCC_WARN_ABOUT_RETURN_TYPE = YES_ERROR;
				GCC_WARN_UNDECLARED_SELECTOR = YES;
				GCC_WARN_UNINITIALIZED_AUTOS = YES_AGGRESSIVE;
				GCC_WARN_UNUSED_FUNCTION = YES;
				GCC_WARN_UNUSED_VARIABLE = YES;
				IPHONEOS_DEPLOYMENT_TARGET = 13.0;
				MTL_ENABLE_DEBUG_INFO = INCLUDE_SOURCE;
				MTL_FAST_MATH = YES;
				ONLY_ACTIVE_ARCH = YES;
				SDKROOT = iphoneos;
				SWIFT_ACTIVE_COMPILATION_CONDITIONS = "DEBUG PRINT_REQUEST_URL PRINT_JSON";
				SWIFT_OPTIMIZATION_LEVEL = "-Onone";
			};
			name = Debug;
		};
		363AD5F22340EE5F003063BC /* Release */ = {
			isa = XCBuildConfiguration;
			buildSettings = {
				ALWAYS_SEARCH_USER_PATHS = NO;
				CLANG_ANALYZER_NONNULL = YES;
				CLANG_ANALYZER_NUMBER_OBJECT_CONVERSION = YES_AGGRESSIVE;
				CLANG_CXX_LANGUAGE_STANDARD = "gnu++14";
				CLANG_CXX_LIBRARY = "libc++";
				CLANG_ENABLE_MODULES = YES;
				CLANG_ENABLE_OBJC_ARC = YES;
				CLANG_ENABLE_OBJC_WEAK = YES;
				CLANG_WARN_BLOCK_CAPTURE_AUTORELEASING = YES;
				CLANG_WARN_BOOL_CONVERSION = YES;
				CLANG_WARN_COMMA = YES;
				CLANG_WARN_CONSTANT_CONVERSION = YES;
				CLANG_WARN_DEPRECATED_OBJC_IMPLEMENTATIONS = YES;
				CLANG_WARN_DIRECT_OBJC_ISA_USAGE = YES_ERROR;
				CLANG_WARN_DOCUMENTATION_COMMENTS = YES;
				CLANG_WARN_EMPTY_BODY = YES;
				CLANG_WARN_ENUM_CONVERSION = YES;
				CLANG_WARN_INFINITE_RECURSION = YES;
				CLANG_WARN_INT_CONVERSION = YES;
				CLANG_WARN_NON_LITERAL_NULL_CONVERSION = YES;
				CLANG_WARN_OBJC_IMPLICIT_RETAIN_SELF = YES;
				CLANG_WARN_OBJC_LITERAL_CONVERSION = YES;
				CLANG_WARN_OBJC_ROOT_CLASS = YES_ERROR;
				CLANG_WARN_QUOTED_INCLUDE_IN_FRAMEWORK_HEADER = YES;
				CLANG_WARN_RANGE_LOOP_ANALYSIS = YES;
				CLANG_WARN_STRICT_PROTOTYPES = YES;
				CLANG_WARN_SUSPICIOUS_MOVE = YES;
				CLANG_WARN_UNGUARDED_AVAILABILITY = YES_AGGRESSIVE;
				CLANG_WARN_UNREACHABLE_CODE = YES;
				CLANG_WARN__DUPLICATE_METHOD_MATCH = YES;
				COPY_PHASE_STRIP = NO;
				DEBUG_INFORMATION_FORMAT = "dwarf-with-dsym";
				ENABLE_NS_ASSERTIONS = NO;
				ENABLE_STRICT_OBJC_MSGSEND = YES;
				GCC_C_LANGUAGE_STANDARD = gnu11;
				GCC_NO_COMMON_BLOCKS = YES;
				GCC_WARN_64_TO_32_BIT_CONVERSION = YES;
				GCC_WARN_ABOUT_RETURN_TYPE = YES_ERROR;
				GCC_WARN_UNDECLARED_SELECTOR = YES;
				GCC_WARN_UNINITIALIZED_AUTOS = YES_AGGRESSIVE;
				GCC_WARN_UNUSED_FUNCTION = YES;
				GCC_WARN_UNUSED_VARIABLE = YES;
				IPHONEOS_DEPLOYMENT_TARGET = 13.0;
				MTL_ENABLE_DEBUG_INFO = NO;
				MTL_FAST_MATH = YES;
				SDKROOT = iphoneos;
				SWIFT_COMPILATION_MODE = wholemodule;
				SWIFT_OPTIMIZATION_LEVEL = "-O";
				VALIDATE_PRODUCT = YES;
			};
			name = Release;
		};
		363AD5F42340EE5F003063BC /* Debug */ = {
			isa = XCBuildConfiguration;
			buildSettings = {
				CODE_SIGN_ENTITLEMENTS = "MultiplexerDemo/Mux Demo.entitlements";
				CODE_SIGN_STYLE = Automatic;
				DEVELOPMENT_TEAM = 639KEQWW6F;
				INFOPLIST_FILE = MultiplexerDemo/Info.plist;
				IPHONEOS_DEPLOYMENT_TARGET = 13.0;
				LD_RUNPATH_SEARCH_PATHS = (
					"$(inherited)",
					"@executable_path/Frameworks",
				);
				PRODUCT_BUNDLE_IDENTIFIER = com.melikyan.MuxDemo;
				PRODUCT_NAME = "Mux Demo";
				SUPPORTS_MACCATALYST = YES;
				SWIFT_VERSION = 5.0;
				TARGETED_DEVICE_FAMILY = "1,2";
			};
			name = Debug;
		};
		363AD5F52340EE5F003063BC /* Release */ = {
			isa = XCBuildConfiguration;
			buildSettings = {
				CODE_SIGN_ENTITLEMENTS = "MultiplexerDemo/Mux Demo.entitlements";
				CODE_SIGN_STYLE = Automatic;
				DEVELOPMENT_TEAM = 639KEQWW6F;
				INFOPLIST_FILE = MultiplexerDemo/Info.plist;
				IPHONEOS_DEPLOYMENT_TARGET = 13.0;
				LD_RUNPATH_SEARCH_PATHS = (
					"$(inherited)",
					"@executable_path/Frameworks",
				);
				PRODUCT_BUNDLE_IDENTIFIER = com.melikyan.MuxDemo;
				PRODUCT_NAME = "Mux Demo";
				SUPPORTS_MACCATALYST = YES;
				SWIFT_VERSION = 5.0;
				TARGETED_DEVICE_FAMILY = "1,2";
			};
			name = Release;
		};
/* End XCBuildConfiguration section */

/* Begin XCConfigurationList section */
		363AD5DA2340EE5F003063BC /* Build configuration list for PBXProject "MultiplexerDemo" */ = {
			isa = XCConfigurationList;
			buildConfigurations = (
				363AD5F12340EE5F003063BC /* Debug */,
				363AD5F22340EE5F003063BC /* Release */,
			);
			defaultConfigurationIsVisible = 0;
			defaultConfigurationName = Release;
		};
		363AD5F32340EE5F003063BC /* Build configuration list for PBXNativeTarget "MultiplexerDemo" */ = {
			isa = XCConfigurationList;
			buildConfigurations = (
				363AD5F42340EE5F003063BC /* Debug */,
				363AD5F52340EE5F003063BC /* Release */,
			);
			defaultConfigurationIsVisible = 0;
			defaultConfigurationName = Release;
		};
/* End XCConfigurationList section */
	};
	rootObject = 363AD5D72340EE5F003063BC /* Project object */;
}
